
Microsoft Visual Studio Solution File, Format Version 12.00
# Visual Studio Version 17
VisualStudioVersion = 17.6.33723.286
MinimumVisualStudioVersion = 10.0.40219.1
Project("{FAE04EC0-301F-11D3-BF4B-00C04F79EFBC}") = "WebApplication_API", "WebApplication_API\WebApplication_API.csproj", "{AF5AD875-AEC9-41A1-926B-D4DC0D980BCA}"
EndProject
Global
	GlobalSection(SolutionConfigurationPlatforms) = preSolution
		Debug|Any CPU = Debug|Any CPU
		Release|Any CPU = Release|Any CPU
	EndGlobalSection
	GlobalSection(ProjectConfigurationPlatforms) = postSolution
		{AF5AD875-AEC9-41A1-926B-D4DC0D980BCA}.Debug|Any CPU.ActiveCfg = Debug|Any CPU
		{AF5AD875-AEC9-41A1-926B-D4DC0D980BCA}.Debug|Any CPU.Build.0 = Debug|Any CPU
		{AF5AD875-AEC9-41A1-926B-D4DC0D980BCA}.Release|Any CPU.ActiveCfg = Release|Any CPU
		{AF5AD875-AEC9-41A1-926B-D4DC0D980BCA}.Release|Any CPU.Build.0 = Release|Any CPU
	EndGlobalSection
	GlobalSection(SolutionProperties) = preSolution
		HideSolutionNode = FALSE
	EndGlobalSection
	GlobalSection(ExtensibilityGlobals) = postSolution
		SolutionGuid = {13353604-8559-4EB1-884D-BBEFBD56F53B}
	EndGlobalSection
EndGlobal
